
Microsoft Visual Studio Solution File, Format Version 12.00
# Visual Studio Version 17
VisualStudioVersion = 17.0.32112.339
MinimumVisualStudioVersion = 10.0.40219.1
Project("{8BC9CEB8-8B4A-11D0-8D11-00A0C91BC942}") = "IAT Hook", "IAT Hook\IAT Hook.vcxproj", "{17ED5719-5C2B-4EB7-AA3B-3159E154075F}"
EndProject
Global
	GlobalSection(SolutionConfigurationPlatforms) = preSolution
		Debug|x64 = Debug|x64
		Debug|x86 = Debug|x86
		Release|x64 = Release|x64
		Release|x86 = Release|x86
	EndGlobalSection
	GlobalSection(ProjectConfigurationPlatforms) = postSolution
		{17ED5719-5C2B-4EB7-AA3B-3159E154075F}.Debug|x64.ActiveCfg = Debug|x64
		{17ED5719-5C2B-4EB7-AA3B-3159E154075F}.Debug|x64.Build.0 = Debug|x64
		{17ED5719-5C2B-4EB7-AA3B-3159E154075F}.Debug|x86.ActiveCfg = Debug|Win32
		{17ED5719-5C2B-4EB7-AA3B-3159E154075F}.Debug|x86.Build.0 = Debug|Win32
		{17ED5719-5C2B-4EB7-AA3B-3159E154075F}.Release|x64.ActiveCfg = Release|x64
		{17ED5719-5C2B-4EB7-AA3B-3159E154075F}.Release|x64.Build.0 = Release|x64
		{17ED5719-5C2B-4EB7-AA3B-3159E154075F}.Release|x86.ActiveCfg = Release|Win32
		{17ED5719-5C2B-4EB7-AA3B-3159E154075F}.Release|x86.Build.0 = Release|Win32
	EndGlobalSection
	GlobalSection(SolutionProperties) = preSolution
		HideSolutionNode = FALSE
	EndGlobalSection
	GlobalSection(ExtensibilityGlobals) = postSolution
		SolutionGuid = {6506172B-C6CC-4AF1-A8B0-9860F3290D80}
	EndGlobalSection
EndGlobal
